
Microsoft Visual Studio Solution File, Format Version 12.00
# Visual Studio Version 16
VisualStudioVersion = 16.0.29215.179
MinimumVisualStudioVersion = 10.0.40219.1
Project("{FAE04EC0-301F-11D3-BF4B-00C04F79EFBC}") = "ServicesRest", "ServicesRest\ServicesRest.csproj", "{A34EB9DB-725B-4CC7-93DA-7F019A3EB6FC}"
EndProject
Global
	GlobalSection(SolutionConfigurationPlatforms) = preSolution
		Debug|Any CPU = Debug|Any CPU
		Release|Any CPU = Release|Any CPU
	EndGlobalSection
	GlobalSection(ProjectConfigurationPlatforms) = postSolution
		{A34EB9DB-725B-4CC7-93DA-7F019A3EB6FC}.Debug|Any CPU.ActiveCfg = Debug|Any CPU
		{A34EB9DB-725B-4CC7-93DA-7F019A3EB6FC}.Debug|Any CPU.Build.0 = Debug|Any CPU
		{A34EB9DB-725B-4CC7-93DA-7F019A3EB6FC}.Release|Any CPU.ActiveCfg = Release|Any CPU
		{A34EB9DB-725B-4CC7-93DA-7F019A3EB6FC}.Release|Any CPU.Build.0 = Release|Any CPU
	EndGlobalSection
	GlobalSection(SolutionProperties) = preSolution
		HideSolutionNode = FALSE
	EndGlobalSection
	GlobalSection(ExtensibilityGlobals) = postSolution
		SolutionGuid = {B9F6E737-7DB4-4DC2-AE6C-3499A83F6817}
	EndGlobalSection
EndGlobal
