
Microsoft Visual Studio Solution File, Format Version 12.00
# Visual Studio Version 16
VisualStudioVersion = 16.0.29215.179
MinimumVisualStudioVersion = 10.0.40219.1
Project("{2150E333-8FDC-42A3-9474-1A3956D46DE8}") = "Autopecas.API", "Autopecas.API", "{0FA4F2AE-6E0F-4718-A233-355CB85B1FA2}"
EndProject
Project("{2150E333-8FDC-42A3-9474-1A3956D46DE8}") = "Autopecas.Infra", "Autopecas.Infra", "{20B340D1-9575-4246-B1E9-4E09A0AF1F08}"
EndProject
Project("{2150E333-8FDC-42A3-9474-1A3956D46DE8}") = "Autopecas.Domain", "Autopecas.Domain", "{09FE2E5F-118A-4501-BE97-7DDC71678D66}"
EndProject
Project("{2150E333-8FDC-42A3-9474-1A3956D46DE8}") = "Data", "Data", "{CFE7DF74-73A7-4786-B5F9-59D4C303A289}"
EndProject
Project("{FAE04EC0-301F-11D3-BF4B-00C04F79EFBC}") = "Autopecas.Domain", "Domain\Autopecas.Domain.csproj", "{1726A428-0495-41C9-A9E7-FE6F4B2210AB}"
EndProject
Project("{FAE04EC0-301F-11D3-BF4B-00C04F79EFBC}") = "Infra.Data", "Infra.Data\Infra.Data.csproj", "{5187EDF2-A781-4DED-B6C1-BB678E2F8E38}"
EndProject
Project("{FAE04EC0-301F-11D3-BF4B-00C04F79EFBC}") = "Autopecas.API", "PresentationIO\Autopecas.API.csproj", "{4BCAC97A-826B-4AB9-A388-88970A71AE37}"
EndProject
Global
	GlobalSection(SolutionConfigurationPlatforms) = preSolution
		Debug|Any CPU = Debug|Any CPU
		Release|Any CPU = Release|Any CPU
	EndGlobalSection
	GlobalSection(ProjectConfigurationPlatforms) = postSolution
		{1726A428-0495-41C9-A9E7-FE6F4B2210AB}.Debug|Any CPU.ActiveCfg = Debug|Any CPU
		{1726A428-0495-41C9-A9E7-FE6F4B2210AB}.Debug|Any CPU.Build.0 = Debug|Any CPU
		{1726A428-0495-41C9-A9E7-FE6F4B2210AB}.Release|Any CPU.ActiveCfg = Release|Any CPU
		{1726A428-0495-41C9-A9E7-FE6F4B2210AB}.Release|Any CPU.Build.0 = Release|Any CPU
		{5187EDF2-A781-4DED-B6C1-BB678E2F8E38}.Debug|Any CPU.ActiveCfg = Debug|Any CPU
		{5187EDF2-A781-4DED-B6C1-BB678E2F8E38}.Debug|Any CPU.Build.0 = Debug|Any CPU
		{5187EDF2-A781-4DED-B6C1-BB678E2F8E38}.Release|Any CPU.ActiveCfg = Release|Any CPU
		{5187EDF2-A781-4DED-B6C1-BB678E2F8E38}.Release|Any CPU.Build.0 = Release|Any CPU
		{4BCAC97A-826B-4AB9-A388-88970A71AE37}.Debug|Any CPU.ActiveCfg = Debug|Any CPU
		{4BCAC97A-826B-4AB9-A388-88970A71AE37}.Debug|Any CPU.Build.0 = Debug|Any CPU
		{4BCAC97A-826B-4AB9-A388-88970A71AE37}.Release|Any CPU.ActiveCfg = Release|Any CPU
		{4BCAC97A-826B-4AB9-A388-88970A71AE37}.Release|Any CPU.Build.0 = Release|Any CPU
	EndGlobalSection
	GlobalSection(SolutionProperties) = preSolution
		HideSolutionNode = FALSE
	EndGlobalSection
	GlobalSection(NestedProjects) = preSolution
		{CFE7DF74-73A7-4786-B5F9-59D4C303A289} = {20B340D1-9575-4246-B1E9-4E09A0AF1F08}
		{1726A428-0495-41C9-A9E7-FE6F4B2210AB} = {09FE2E5F-118A-4501-BE97-7DDC71678D66}
		{5187EDF2-A781-4DED-B6C1-BB678E2F8E38} = {CFE7DF74-73A7-4786-B5F9-59D4C303A289}
		{4BCAC97A-826B-4AB9-A388-88970A71AE37} = {0FA4F2AE-6E0F-4718-A233-355CB85B1FA2}
	EndGlobalSection
	GlobalSection(ExtensibilityGlobals) = postSolution
		SolutionGuid = {B9F6E737-7DB4-4DC2-AE6C-3499A83F6817}
	EndGlobalSection
EndGlobal
